
Microsoft Visual Studio Solution File, Format Version 12.00
# Visual Studio Version 17
VisualStudioVersion = 17.11.35222.181
MinimumVisualStudioVersion = 10.0.40219.1
Project("{FAE04EC0-301F-11D3-BF4B-00C04F79EFBC}") = "ConversorMonedasAustralApi", "ConversorMonedasAustralApi\ConversorMonedasAustralApi.csproj", "{5B35B227-D5AD-4F52-8D51-3DA910A47ECF}"
	ProjectSection(ProjectDependencies) = postProject
		{1FFB9631-B4DD-4B6B-9099-90A7DD1A390E} = {1FFB9631-B4DD-4B6B-9099-90A7DD1A390E}
	EndProjectSection
EndProject
Project("{FAE04EC0-301F-11D3-BF4B-00C04F79EFBC}") = "Data", "Data\Data.csproj", "{D812282F-7ED8-4CFE-9695-341BAA24C928}"
EndProject
Project("{FAE04EC0-301F-11D3-BF4B-00C04F79EFBC}") = "Common", "Common\Common.csproj", "{5DCFD820-07A3-46B4-B288-61627563D34F}"
EndProject
Project("{FAE04EC0-301F-11D3-BF4B-00C04F79EFBC}") = "Services", "Services\Services.csproj", "{1FFB9631-B4DD-4B6B-9099-90A7DD1A390E}"
EndProject
Global
	GlobalSection(SolutionConfigurationPlatforms) = preSolution
		Debug|Any CPU = Debug|Any CPU
		Release|Any CPU = Release|Any CPU
	EndGlobalSection
	GlobalSection(ProjectConfigurationPlatforms) = postSolution
		{5B35B227-D5AD-4F52-8D51-3DA910A47ECF}.Debug|Any CPU.ActiveCfg = Debug|Any CPU
		{5B35B227-D5AD-4F52-8D51-3DA910A47ECF}.Debug|Any CPU.Build.0 = Debug|Any CPU
		{5B35B227-D5AD-4F52-8D51-3DA910A47ECF}.Release|Any CPU.ActiveCfg = Release|Any CPU
		{5B35B227-D5AD-4F52-8D51-3DA910A47ECF}.Release|Any CPU.Build.0 = Release|Any CPU
		{D812282F-7ED8-4CFE-9695-341BAA24C928}.Debug|Any CPU.ActiveCfg = Debug|Any CPU
		{D812282F-7ED8-4CFE-9695-341BAA24C928}.Debug|Any CPU.Build.0 = Debug|Any CPU
		{D812282F-7ED8-4CFE-9695-341BAA24C928}.Release|Any CPU.ActiveCfg = Release|Any CPU
		{D812282F-7ED8-4CFE-9695-341BAA24C928}.Release|Any CPU.Build.0 = Release|Any CPU
		{5DCFD820-07A3-46B4-B288-61627563D34F}.Debug|Any CPU.ActiveCfg = Debug|Any CPU
		{5DCFD820-07A3-46B4-B288-61627563D34F}.Debug|Any CPU.Build.0 = Debug|Any CPU
		{5DCFD820-07A3-46B4-B288-61627563D34F}.Release|Any CPU.ActiveCfg = Release|Any CPU
		{5DCFD820-07A3-46B4-B288-61627563D34F}.Release|Any CPU.Build.0 = Release|Any CPU
		{1FFB9631-B4DD-4B6B-9099-90A7DD1A390E}.Debug|Any CPU.ActiveCfg = Debug|Any CPU
		{1FFB9631-B4DD-4B6B-9099-90A7DD1A390E}.Debug|Any CPU.Build.0 = Debug|Any CPU
		{1FFB9631-B4DD-4B6B-9099-90A7DD1A390E}.Release|Any CPU.ActiveCfg = Release|Any CPU
		{1FFB9631-B4DD-4B6B-9099-90A7DD1A390E}.Release|Any CPU.Build.0 = Release|Any CPU
	EndGlobalSection
	GlobalSection(SolutionProperties) = preSolution
		HideSolutionNode = FALSE
	EndGlobalSection
	GlobalSection(ExtensibilityGlobals) = postSolution
		SolutionGuid = {64BEA856-596B-4981-BE93-AA185E34EE0A}
	EndGlobalSection
EndGlobal
